
Microsoft Visual Studio Solution File, Format Version 12.00
# Visual Studio Version 16
VisualStudioVersion = 16.0.32510.428
MinimumVisualStudioVersion = 10.0.40219.1
Project("{9A19103F-16F7-4668-BE54-9A1E7A4F7556}") = "WebApp", "WebApp\WebApp.csproj", "{52195AA4-EA26-401E-A24B-DA3E578A5C4C}"
EndProject
Project("{9A19103F-16F7-4668-BE54-9A1E7A4F7556}") = "UseCases", "UseCases\UseCases.csproj", "{2F3DE5C9-5113-429F-BDD8-41704DBE492C}"
EndProject
Project("{9A19103F-16F7-4668-BE54-9A1E7A4F7556}") = "CoreBuisness", "CoreBuisness\CoreBuisness.csproj", "{F3D3F697-212E-4FA6-B65D-9E602EC7C8D7}"
EndProject
Project("{9A19103F-16F7-4668-BE54-9A1E7A4F7556}") = "Plugins.DataStore.InMemory", "Plugins.DataStore.InMemory\Plugins.DataStore.InMemory.csproj", "{FDF2BFEB-538F-468C-90D7-0A2C5EE58F69}"
EndProject
Global
	GlobalSection(SolutionConfigurationPlatforms) = preSolution
		Debug|Any CPU = Debug|Any CPU
		Release|Any CPU = Release|Any CPU
	EndGlobalSection
	GlobalSection(ProjectConfigurationPlatforms) = postSolution
		{52195AA4-EA26-401E-A24B-DA3E578A5C4C}.Debug|Any CPU.ActiveCfg = Debug|Any CPU
		{52195AA4-EA26-401E-A24B-DA3E578A5C4C}.Debug|Any CPU.Build.0 = Debug|Any CPU
		{52195AA4-EA26-401E-A24B-DA3E578A5C4C}.Release|Any CPU.ActiveCfg = Release|Any CPU
		{52195AA4-EA26-401E-A24B-DA3E578A5C4C}.Release|Any CPU.Build.0 = Release|Any CPU
		{2F3DE5C9-5113-429F-BDD8-41704DBE492C}.Debug|Any CPU.ActiveCfg = Debug|Any CPU
		{2F3DE5C9-5113-429F-BDD8-41704DBE492C}.Debug|Any CPU.Build.0 = Debug|Any CPU
		{2F3DE5C9-5113-429F-BDD8-41704DBE492C}.Release|Any CPU.ActiveCfg = Release|Any CPU
		{2F3DE5C9-5113-429F-BDD8-41704DBE492C}.Release|Any CPU.Build.0 = Release|Any CPU
		{F3D3F697-212E-4FA6-B65D-9E602EC7C8D7}.Debug|Any CPU.ActiveCfg = Debug|Any CPU
		{F3D3F697-212E-4FA6-B65D-9E602EC7C8D7}.Debug|Any CPU.Build.0 = Debug|Any CPU
		{F3D3F697-212E-4FA6-B65D-9E602EC7C8D7}.Release|Any CPU.ActiveCfg = Release|Any CPU
		{F3D3F697-212E-4FA6-B65D-9E602EC7C8D7}.Release|Any CPU.Build.0 = Release|Any CPU
		{FDF2BFEB-538F-468C-90D7-0A2C5EE58F69}.Debug|Any CPU.ActiveCfg = Debug|Any CPU
		{FDF2BFEB-538F-468C-90D7-0A2C5EE58F69}.Debug|Any CPU.Build.0 = Debug|Any CPU
		{FDF2BFEB-538F-468C-90D7-0A2C5EE58F69}.Release|Any CPU.ActiveCfg = Release|Any CPU
		{FDF2BFEB-538F-468C-90D7-0A2C5EE58F69}.Release|Any CPU.Build.0 = Release|Any CPU
	EndGlobalSection
	GlobalSection(SolutionProperties) = preSolution
		HideSolutionNode = FALSE
	EndGlobalSection
	GlobalSection(ExtensibilityGlobals) = postSolution
		SolutionGuid = {DDF3669B-791C-45BA-837C-095A0D7CEC5B}
	EndGlobalSection
EndGlobal
